
Microsoft Visual Studio Solution File, Format Version 12.00
# Visual Studio Version 17
VisualStudioVersion = 17.11.35303.130
MinimumVisualStudioVersion = 10.0.40219.1
Project("{FAE04EC0-301F-11D3-BF4B-00C04F79EFBC}") = "DTO", "DTO\DTO.csproj", "{642DA72B-4FB2-4B2E-9153-0972CE8D5BC1}"
EndProject
Project("{FAE04EC0-301F-11D3-BF4B-00C04F79EFBC}") = "DAL", "DAL\DAL.csproj", "{B7DD44F1-CA00-4663-B15F-B7E22E488FF1}"
	ProjectSection(ProjectDependencies) = postProject
		{642DA72B-4FB2-4B2E-9153-0972CE8D5BC1} = {642DA72B-4FB2-4B2E-9153-0972CE8D5BC1}
	EndProjectSection
EndProject
Project("{FAE04EC0-301F-11D3-BF4B-00C04F79EFBC}") = "BLL", "BLL\BLL.csproj", "{9F9C51D0-D910-4C6D-A20F-7C5D9E8F2362}"
	ProjectSection(ProjectDependencies) = postProject
		{642DA72B-4FB2-4B2E-9153-0972CE8D5BC1} = {642DA72B-4FB2-4B2E-9153-0972CE8D5BC1}
		{B7DD44F1-CA00-4663-B15F-B7E22E488FF1} = {B7DD44F1-CA00-4663-B15F-B7E22E488FF1}
	EndProjectSection
EndProject
Project("{FAE04EC0-301F-11D3-BF4B-00C04F79EFBC}") = "GUI", "GUI\GUI.csproj", "{8D816788-40B3-4D2F-B471-B82857F3F2B0}"
	ProjectSection(ProjectDependencies) = postProject
		{642DA72B-4FB2-4B2E-9153-0972CE8D5BC1} = {642DA72B-4FB2-4B2E-9153-0972CE8D5BC1}
		{9F9C51D0-D910-4C6D-A20F-7C5D9E8F2362} = {9F9C51D0-D910-4C6D-A20F-7C5D9E8F2362}
		{B7DD44F1-CA00-4663-B15F-B7E22E488FF1} = {B7DD44F1-CA00-4663-B15F-B7E22E488FF1}
	EndProjectSection
EndProject
Global
	GlobalSection(SolutionConfigurationPlatforms) = preSolution
		Debug|Any CPU = Debug|Any CPU
		Release|Any CPU = Release|Any CPU
	EndGlobalSection
	GlobalSection(ProjectConfigurationPlatforms) = postSolution
		{642DA72B-4FB2-4B2E-9153-0972CE8D5BC1}.Debug|Any CPU.ActiveCfg = Debug|Any CPU
		{642DA72B-4FB2-4B2E-9153-0972CE8D5BC1}.Debug|Any CPU.Build.0 = Debug|Any CPU
		{642DA72B-4FB2-4B2E-9153-0972CE8D5BC1}.Release|Any CPU.ActiveCfg = Release|Any CPU
		{642DA72B-4FB2-4B2E-9153-0972CE8D5BC1}.Release|Any CPU.Build.0 = Release|Any CPU
		{B7DD44F1-CA00-4663-B15F-B7E22E488FF1}.Debug|Any CPU.ActiveCfg = Debug|Any CPU
		{B7DD44F1-CA00-4663-B15F-B7E22E488FF1}.Debug|Any CPU.Build.0 = Debug|Any CPU
		{B7DD44F1-CA00-4663-B15F-B7E22E488FF1}.Release|Any CPU.ActiveCfg = Release|Any CPU
		{B7DD44F1-CA00-4663-B15F-B7E22E488FF1}.Release|Any CPU.Build.0 = Release|Any CPU
		{9F9C51D0-D910-4C6D-A20F-7C5D9E8F2362}.Debug|Any CPU.ActiveCfg = Debug|Any CPU
		{9F9C51D0-D910-4C6D-A20F-7C5D9E8F2362}.Debug|Any CPU.Build.0 = Debug|Any CPU
		{9F9C51D0-D910-4C6D-A20F-7C5D9E8F2362}.Release|Any CPU.ActiveCfg = Release|Any CPU
		{9F9C51D0-D910-4C6D-A20F-7C5D9E8F2362}.Release|Any CPU.Build.0 = Release|Any CPU
		{8D816788-40B3-4D2F-B471-B82857F3F2B0}.Debug|Any CPU.ActiveCfg = Debug|Any CPU
		{8D816788-40B3-4D2F-B471-B82857F3F2B0}.Debug|Any CPU.Build.0 = Debug|Any CPU
		{8D816788-40B3-4D2F-B471-B82857F3F2B0}.Release|Any CPU.ActiveCfg = Release|Any CPU
		{8D816788-40B3-4D2F-B471-B82857F3F2B0}.Release|Any CPU.Build.0 = Release|Any CPU
	EndGlobalSection
	GlobalSection(SolutionProperties) = preSolution
		HideSolutionNode = FALSE
	EndGlobalSection
	GlobalSection(ExtensibilityGlobals) = postSolution
		SolutionGuid = {61CBAA3D-6D97-44D4-B96B-1B615D1E8153}
	EndGlobalSection
EndGlobal
